
Microsoft Visual Studio Solution File, Format Version 12.00
# Visual Studio Version 17
VisualStudioVersion = 17.4.33205.214
MinimumVisualStudioVersion = 10.0.40219.1
Project("{8BC9CEB8-8B4A-11D0-8D11-00A0C91BC942}") = "学生信息管理系统", "学生信息管理系统.vcxproj", "{320C9596-1B1F-4F21-B805-B336AA1BE93C}"
EndProject
Project("{8BC9CEB8-8B4A-11D0-8D11-00A0C91BC942}") = "test", "..\test\test.vcxproj", "{29E104B0-1C1D-423E-ABD4-687CD733ECFC}"
EndProject
Global
	GlobalSection(SolutionConfigurationPlatforms) = preSolution
		Debug|x64 = Debug|x64
		Debug|x86 = Debug|x86
		Release|x64 = Release|x64
		Release|x86 = Release|x86
	EndGlobalSection
	GlobalSection(ProjectConfigurationPlatforms) = postSolution
		{320C9596-1B1F-4F21-B805-B336AA1BE93C}.Debug|x64.ActiveCfg = Debug|x64
		{320C9596-1B1F-4F21-B805-B336AA1BE93C}.Debug|x64.Build.0 = Debug|x64
		{320C9596-1B1F-4F21-B805-B336AA1BE93C}.Debug|x86.ActiveCfg = Debug|Win32
		{320C9596-1B1F-4F21-B805-B336AA1BE93C}.Debug|x86.Build.0 = Debug|Win32
		{320C9596-1B1F-4F21-B805-B336AA1BE93C}.Release|x64.ActiveCfg = Release|x64
		{320C9596-1B1F-4F21-B805-B336AA1BE93C}.Release|x64.Build.0 = Release|x64
		{320C9596-1B1F-4F21-B805-B336AA1BE93C}.Release|x86.ActiveCfg = Release|Win32
		{320C9596-1B1F-4F21-B805-B336AA1BE93C}.Release|x86.Build.0 = Release|Win32
		{29E104B0-1C1D-423E-ABD4-687CD733ECFC}.Debug|x64.ActiveCfg = Debug|x64
		{29E104B0-1C1D-423E-ABD4-687CD733ECFC}.Debug|x64.Build.0 = Debug|x64
		{29E104B0-1C1D-423E-ABD4-687CD733ECFC}.Debug|x86.ActiveCfg = Debug|Win32
		{29E104B0-1C1D-423E-ABD4-687CD733ECFC}.Debug|x86.Build.0 = Debug|Win32
		{29E104B0-1C1D-423E-ABD4-687CD733ECFC}.Release|x64.ActiveCfg = Release|x64
		{29E104B0-1C1D-423E-ABD4-687CD733ECFC}.Release|x64.Build.0 = Release|x64
		{29E104B0-1C1D-423E-ABD4-687CD733ECFC}.Release|x86.ActiveCfg = Release|Win32
		{29E104B0-1C1D-423E-ABD4-687CD733ECFC}.Release|x86.Build.0 = Release|Win32
	EndGlobalSection
	GlobalSection(SolutionProperties) = preSolution
		HideSolutionNode = FALSE
	EndGlobalSection
	GlobalSection(ExtensibilityGlobals) = postSolution
		SolutionGuid = {21942217-9A3F-45E4-B81C-AE6BF7A68D5C}
	EndGlobalSection
EndGlobal
